// !$*UTF8*$!
{
	archiveVersion = 1;
	classes = {
	};
	objectVersion = 46;
	objects = {

/* Begin PBXBuildFile section */
		70CB668A1F2FF24F00FD195D /* MyTidalTabBarController.swift in Sources */ = {isa = PBXBuildFile; fileRef = 70CB66891F2FF24F00FD195D /* MyTidalTabBarController.swift */; };
		70D6EECC1F2E3056002D18BE /* AppDelegate.swift in Sources */ = {isa = PBXBuildFile; fileRef = 70D6EECB1F2E3056002D18BE /* AppDelegate.swift */; };
		70D6EECE1F2E3056002D18BE /* ViewController.swift in Sources */ = {isa = PBXBuildFile; fileRef = 70D6EECD1F2E3056002D18BE /* ViewController.swift */; };
		70D6EED11F2E3056002D18BE /* Main.storyboard in Resources */ = {isa = PBXBuildFile; fileRef = 70D6EECF1F2E3056002D18BE /* Main.storyboard */; };
		70D6EED31F2E3056002D18BE /* Assets.xcassets in Resources */ = {isa = PBXBuildFile; fileRef = 70D6EED21F2E3056002D18BE /* Assets.xcassets */; };
		70D6EED61F2E3056002D18BE /* LaunchScreen.storyboard in Resources */ = {isa = PBXBuildFile; fileRef = 70D6EED41F2E3056002D18BE /* LaunchScreen.storyboard */; };
/* End PBXBuildFile section */

/* Begin PBXFileReference section */
		70CB66891F2FF24F00FD195D /* MyTidalTabBarController.swift */ = {isa = PBXFileReference; fileEncoding = 4; lastKnownFileType = sourcecode.swift; path = MyTidalTabBarController.swift; sourceTree = "<group>"; };
		70D6EEC81F2E3056002D18BE /* Tidal2.app */ = {isa = PBXFileReference; explicitFileType = wrapper.application; includeInIndex = 0; path = Tidal2.app; sourceTree = BUILT_PRODUCTS_DIR; };
		70D6EECB1F2E3056002D18BE /* AppDelegate.swift */ = {isa = PBXFileReference; lastKnownFileType = sourcecode.swift; path = AppDelegate.swift; sourceTree = "<group>"; };
		70D6EECD1F2E3056002D18BE /* ViewController.swift */ = {isa = PBXFileReference; lastKnownFileType = sourcecode.swift; path = ViewController.swift; sourceTree = "<group>"; };
		70D6EED01F2E3056002D18BE /* Base */ = {isa = PBXFileReference; lastKnownFileType = file.storyboard; name = Base; path = Base.lproj/Main.storyboard; sourceTree = "<group>"; };
		70D6EED21F2E3056002D18BE /* Assets.xcassets */ = {isa = PBXFileReference; lastKnownFileType = folder.assetcatalog; path = Assets.xcassets; sourceTree = "<group>"; };
		70D6EED51F2E3056002D18BE /* Base */ = {isa = PBXFileReference; lastKnownFileType = file.storyboard; name = Base; path = Base.lproj/LaunchScreen.storyboard; sourceTree = "<group>"; };
		70D6EED71F2E3056002D18BE /* Info.plist */ = {isa = PBXFileReference; lastKnownFileType = text.plist.xml; path = Info.plist; sourceTree = "<group>"; };
/* End PBXFileReference section */

/* Begin PBXFrameworksBuildPhase section */
		70D6EEC51F2E3056002D18BE /* Frameworks */ = {
			isa = PBXFrameworksBuildPhase;
			buildActionMask = 2147483647;
			files = (
			);
			runOnlyForDeploymentPostprocessing = 0;
		};
/* End PBXFrameworksBuildPhase section */

/* Begin PBXGroup section */
		70D6EEBF1F2E3056002D18BE = {
			isa = PBXGroup;
			children = (
				70D6EECA1F2E3056002D18BE /* Tidal2 */,
				70D6EEC91F2E3056002D18BE /* Products */,
			);
			sourceTree = "<group>";
		};
		70D6EEC91F2E3056002D18BE /* Products */ = {
			isa = PBXGroup;
			children = (
				70D6EEC81F2E3056002D18BE /* Tidal2.app */,
			);
			name = Products;
			sourceTree = "<group>";
		};
		70D6EECA1F2E3056002D18BE /* Tidal2 */ = {
			isa = PBXGroup;
			children = (
				70D6EECB1F2E3056002D18BE /* AppDelegate.swift */,
				70D6EECD1F2E3056002D18BE /* ViewController.swift */,
				70D6EECF1F2E3056002D18BE /* Main.storyboard */,
				70CB66891F2FF24F00FD195D /* MyTidalTabBarController.swift */,
				70D6EED21F2E3056002D18BE /* Assets.xcassets */,
				70D6EED41F2E3056002D18BE /* LaunchScreen.storyboard */,
				70D6EED71F2E3056002D18BE /* Info.plist */,
			);
			path = Tidal2;
			sourceTree = "<group>";
		};
/* End PBXGroup section */

/* Begin PBXNativeTarget section */
		70D6EEC71F2E3056002D18BE /* Tidal2 */ = {
			isa = PBXNativeTarget;
			buildConfigurationList = 70D6EEDA1F2E3056002D18BE /* Build configuration list for PBXNativeTarget "Tidal2" */;
			buildPhases = (
				70D6EEC41F2E3056002D18BE /* Sources */,
				70D6EEC51F2E3056002D18BE /* Frameworks */,
				70D6EEC61F2E3056002D18BE /* Resources */,
			);
			buildRules = (
			);
			dependencies = (
			);
			name = Tidal2;
			productName = Tidal2;
			productReference = 70D6EEC81F2E3056002D18BE /* Tidal2.app */;
			productType = "com.apple.product-type.application";
		};
/* End PBXNativeTarget section */

/* Begin PBXProject section */
		70D6EEC01F2E3056002D18BE /* Project object */ = {
			isa = PBXProject;
			attributes = {
				LastSwiftUpdateCheck = 0830;
				LastUpgradeCheck = 0830;
				ORGANIZATIONNAME = "Ameenah Burhan";
				TargetAttributes = {
					70D6EEC71F2E3056002D18BE = {
						CreatedOnToolsVersion = 8.3.3;
						ProvisioningStyle = Automatic;
					};
				};
			};
			buildConfigurationList = 70D6EEC31F2E3056002D18BE /* Build configuration list for PBXProject "Tidal2" */;
			compatibilityVersion = "Xcode 3.2";
			developmentRegion = English;
			hasScannedForEncodings = 0;
			knownRegions = (
				en,
				Base,
			);
			mainGroup = 70D6EEBF1F2E3056002D18BE;
			productRefGroup = 70D6EEC91F2E3056002D18BE /* Products */;
			projectDirPath = "";
			projectRoot = "";
			targets = (
				70D6EEC71F2E3056002D18BE /* Tidal2 */,
			);
		};
/* End PBXProject section */

/* Begin PBXResourcesBuildPhase section */
		70D6EEC61F2E3056002D18BE /* Resources */ = {
			isa = PBXResourcesBuildPhase;
			buildActionMask = 2147483647;
			files = (
				70D6EED61F2E3056002D18BE /* LaunchScreen.storyboard in Resources */,
				70D6EED31F2E3056002D18BE /* Assets.xcassets in Resources */,
				70D6EED11F2E3056002D18BE /* Main.storyboard in Resources */,
			);
			runOnlyForDeploymentPostprocessing = 0;
		};
/* End PBXResourcesBuildPhase section */

/* Begin PBXSourcesBuildPhase section */
		70D6EEC41F2E3056002D18BE /* Sources */ = {
			isa = PBXSourcesBuildPhase;
			buildActionMask = 2147483647;
			files = (
				70D6EECE1F2E3056002D18BE /* ViewController.swift in Sources */,
				70D6EECC1F2E3056002D18BE /* AppDelegate.swift in Sources */,
				70CB668A1F2FF24F00FD195D /* MyTidalTabBarController.swift in Sources */,
			);
			runOnlyForDeploymentPostprocessing = 0;
		};
/* End PBXSourcesBuildPhase section */

/* Begin PBXVariantGroup section */
		70D6EECF1F2E3056002D18BE /* Main.storyboard */ = {
			isa = PBXVariantGroup;
			children = (
				70D6EED01F2E3056002D18BE /* Base */,
			);
			name = Main.storyboard;
			sourceTree = "<group>";
		};
		70D6EED41F2E3056002D18BE /* LaunchScreen.storyboard */ = {
			isa = PBXVariantGroup;
			children = (
				70D6EED51F2E3056002D18BE /* Base */,
			);
			name = LaunchScreen.storyboard;
			sourceTree = "<group>";
		};
/* End PBXVariantGroup section */

/* Begin XCBuildConfiguration section */
		70D6EED81F2E3056002D18BE /* Debug */ = {
			isa = XCBuildConfiguration;
			buildSettings = {
				ALWAYS_SEARCH_USER_PATHS = NO;
				CLANG_ANALYZER_NONNULL = YES;
				CLANG_ANALYZER_NUMBER_OBJECT_CONVERSION = YES_AGGRESSIVE;
				CLANG_CXX_LANGUAGE_STANDARD = "gnu++0x";
				CLANG_CXX_LIBRARY = "libc++";
				CLANG_ENABLE_MODULES = YES;
				CLANG_ENABLE_OBJC_ARC = YES;
				CLANG_WARN_BOOL_CONVERSION = YES;
				CLANG_WARN_CONSTANT_CONVERSION = YES;
				CLANG_WARN_DIRECT_OBJC_ISA_USAGE = YES_ERROR;
				CLANG_WARN_DOCUMENTATION_COMMENTS = YES;
				CLANG_WARN_EMPTY_BODY = YES;
				CLANG_WARN_ENUM_CONVERSION = YES;
				CLANG_WARN_INFINITE_RECURSION = YES;
				CLANG_WARN_INT_CONVERSION = YES;
				CLANG_WARN_OBJC_ROOT_CLASS = YES_ERROR;
				CLANG_WARN_SUSPICIOUS_MOVE = YES;
				CLANG_WARN_UNREACHABLE_CODE = YES;
				CLANG_WARN__DUPLICATE_METHOD_MATCH = YES;
				"CODE_SIGN_IDENTITY[sdk=iphoneos*]" = "iPhone Developer";
				COPY_PHASE_STRIP = NO;
				DEBUG_INFORMATION_FORMAT = dwarf;
				ENABLE_STRICT_OBJC_MSGSEND = YES;
				ENABLE_TESTABILITY = YES;
				GCC_C_LANGUAGE_STANDARD = gnu99;
				GCC_DYNAMIC_NO_PIC = NO;
				GCC_NO_COMMON_BLOCKS = YES;
				GCC_OPTIMIZATION_LEVEL = 0;
				GCC_PREPROCESSOR_DEFINITIONS = (
					"DEBUG=1",
					"$(inherited)",
				);
				GCC_WARN_64_TO_32_BIT_CONVERSION = YES;
				GCC_WARN_ABOUT_RETURN_TYPE = YES_ERROR;
				GCC_WARN_UNDECLARED_SELECTOR = YES;
				GCC_WARN_UNINITIALIZED_AUTOS = YES_AGGRESSIVE;
				GCC_WARN_UNUSED_FUNCTION = YES;
				GCC_WARN_UNUSED_VARIABLE = YES;
				IPHONEOS_DEPLOYMENT_TARGET = 10.3;
				MTL_ENABLE_DEBUG_INFO = YES;
				ONLY_ACTIVE_ARCH = YES;
				SDKROOT = iphoneos;
				SWIFT_ACTIVE_COMPILATION_CONDITIONS = DEBUG;
				SWIFT_OPTIMIZATION_LEVEL = "-Onone";
				TARGETED_DEVICE_FAMILY = "1,2";
			};
			name = Debug;
		};
		70D6EED91F2E3056002D18BE /* Release */ = {
			isa = XCBuildConfiguration;
			buildSettings = {
				ALWAYS_SEARCH_USER_PATHS = NO;
				CLANG_ANALYZER_NONNULL = YES;
				CLANG_ANALYZER_NUMBER_OBJECT_CONVERSION = YES_AGGRESSIVE;
				CLANG_CXX_LANGUAGE_STANDARD = "gnu++0x";
				CLANG_CXX_LIBRARY = "libc++";
				CLANG_ENABLE_MODULES = YES;
				CLANG_ENABLE_OBJC_ARC = YES;
				CLANG_WARN_BOOL_CONVERSION = YES;
				CLANG_WARN_CONSTANT_CONVERSION = YES;
				CLANG_WARN_DIRECT_OBJC_ISA_USAGE = YES_ERROR;
				CLANG_WARN_DOCUMENTATION_COMMENTS = YES;
				CLANG_WARN_EMPTY_BODY = YES;
				CLANG_WARN_ENUM_CONVERSION = YES;
				CLANG_WARN_INFINITE_RECURSION = YES;
				CLANG_WARN_INT_CONVERSION = YES;
				CLANG_WARN_OBJC_ROOT_CLASS = YES_ERROR;
				CLANG_WARN_SUSPICIOUS_MOVE = YES;
				CLANG_WARN_UNREACHABLE_CODE = YES;
				CLANG_WARN__DUPLICATE_METHOD_MATCH = YES;
				"CODE_SIGN_IDENTITY[sdk=iphoneos*]" = "iPhone Developer";
				COPY_PHASE_STRIP = NO;
				DEBUG_INFORMATION_FORMAT = "dwarf-with-dsym";
				ENABLE_NS_ASSERTIONS = NO;
				ENABLE_STRICT_OBJC_MSGSEND = YES;
				GCC_C_LANGUAGE_STANDARD = gnu99;
				GCC_NO_COMMON_BLOCKS = YES;
				GCC_WARN_64_TO_32_BIT_CONVERSION = YES;
				GCC_WARN_ABOUT_RETURN_TYPE = YES_ERROR;
				GCC_WARN_UNDECLARED_SELECTOR = YES;
				GCC_WARN_UNINITIALIZED_AUTOS = YES_AGGRESSIVE;
				GCC_WARN_UNUSED_FUNCTION = YES;
				GCC_WARN_UNUSED_VARIABLE = YES;
				IPHONEOS_DEPLOYMENT_TARGET = 10.3;
				MTL_ENABLE_DEBUG_INFO = NO;
				SDKROOT = iphoneos;
				SWIFT_OPTIMIZATION_LEVEL = "-Owholemodule";
				TARGETED_DEVICE_FAMILY = "1,2";
				VALIDATE_PRODUCT = YES;
			};
			name = Release;
		};
		70D6EEDB1F2E3056002D18BE /* Debug */ = {
			isa = XCBuildConfiguration;
			buildSettings = {
				ASSETCATALOG_COMPILER_APPICON_NAME = AppIcon;
				INFOPLIST_FILE = Tidal2/Info.plist;
				LD_RUNPATH_SEARCH_PATHS = "$(inherited) @executable_path/Frameworks";
				PRODUCT_BUNDLE_IDENTIFIER = com.meenbean.Tidal2;
				PRODUCT_NAME = "$(TARGET_NAME)";
				SWIFT_VERSION = 3.0;
			};
			name = Debug;
		};
		70D6EEDC1F2E3056002D18BE /* Release */ = {
			isa = XCBuildConfiguration;
			buildSettings = {
				ASSETCATALOG_COMPILER_APPICON_NAME = AppIcon;
				INFOPLIST_FILE = Tidal2/Info.plist;
				LD_RUNPATH_SEARCH_PATHS = "$(inherited) @executable_path/Frameworks";
				PRODUCT_BUNDLE_IDENTIFIER = com.meenbean.Tidal2;
				PRODUCT_NAME = "$(TARGET_NAME)";
				SWIFT_VERSION = 3.0;
			};
			name = Release;
		};
/* End XCBuildConfiguration section */

/* Begin XCConfigurationList section */
		70D6EEC31F2E3056002D18BE /* Build configuration list for PBXProject "Tidal2" */ = {
			isa = XCConfigurationList;
			buildConfigurations = (
				70D6EED81F2E3056002D18BE /* Debug */,
				70D6EED91F2E3056002D18BE /* Release */,
			);
			defaultConfigurationIsVisible = 0;
			defaultConfigurationName = Release;
		};
		70D6EEDA1F2E3056002D18BE /* Build configuration list for PBXNativeTarget "Tidal2" */ = {
			isa = XCConfigurationList;
			buildConfigurations = (
				70D6EEDB1F2E3056002D18BE /* Debug */,
				70D6EEDC1F2E3056002D18BE /* Release */,
			);
			defaultConfigurationIsVisible = 0;
			defaultConfigurationName = Release;
		};
/* End XCConfigurationList section */
	};
	rootObject = 70D6EEC01F2E3056002D18BE /* Project object */;
}
